
Microsoft Visual Studio Solution File, Format Version 12.00
# Visual Studio 15
VisualStudioVersion = 15.0.28307.106
MinimumVisualStudioVersion = 10.0.40219.1
Project("{FAE04EC0-301F-11D3-BF4B-00C04F79EFBC}") = "SwissTransport", "src\SwissTransport\SwissTransport.csproj", "{D0262178-A48F-4DE0-807B-E76B63E39421}"
EndProject
Project("{FAE04EC0-301F-11D3-BF4B-00C04F79EFBC}") = "SwissTransportTest", "tests\SwissTransportTest\SwissTransportTest.csproj", "{959C6E54-5B1C-40F5-938A-C57B17451421}"
EndProject
Project("{FAE04EC0-301F-11D3-BF4B-00C04F79EFBC}") = "App", "src\App\App.csproj", "{9CCFB2DD-19C6-4061-85C4-1F61B0DCBEBD}"
EndProject
Project("{FAE04EC0-301F-11D3-BF4B-00C04F79EFBC}") = "AppTest", "AppTest\AppTest.csproj", "{ED61B7B3-4E36-4DA8-A66F-C9A0EBB9E9B2}"
EndProject
Global
	GlobalSection(SolutionConfigurationPlatforms) = preSolution
		Debug|Any CPU = Debug|Any CPU
		Release|Any CPU = Release|Any CPU
	EndGlobalSection
	GlobalSection(ProjectConfigurationPlatforms) = postSolution
		{D0262178-A48F-4DE0-807B-E76B63E39421}.Debug|Any CPU.ActiveCfg = Debug|Any CPU
		{D0262178-A48F-4DE0-807B-E76B63E39421}.Debug|Any CPU.Build.0 = Debug|Any CPU
		{D0262178-A48F-4DE0-807B-E76B63E39421}.Release|Any CPU.ActiveCfg = Release|Any CPU
		{D0262178-A48F-4DE0-807B-E76B63E39421}.Release|Any CPU.Build.0 = Release|Any CPU
		{959C6E54-5B1C-40F5-938A-C57B17451421}.Debug|Any CPU.ActiveCfg = Debug|Any CPU
		{959C6E54-5B1C-40F5-938A-C57B17451421}.Debug|Any CPU.Build.0 = Debug|Any CPU
		{959C6E54-5B1C-40F5-938A-C57B17451421}.Release|Any CPU.ActiveCfg = Release|Any CPU
		{959C6E54-5B1C-40F5-938A-C57B17451421}.Release|Any CPU.Build.0 = Release|Any CPU
		{9CCFB2DD-19C6-4061-85C4-1F61B0DCBEBD}.Debug|Any CPU.ActiveCfg = Debug|Any CPU
		{9CCFB2DD-19C6-4061-85C4-1F61B0DCBEBD}.Debug|Any CPU.Build.0 = Debug|Any CPU
		{9CCFB2DD-19C6-4061-85C4-1F61B0DCBEBD}.Release|Any CPU.ActiveCfg = Release|Any CPU
		{9CCFB2DD-19C6-4061-85C4-1F61B0DCBEBD}.Release|Any CPU.Build.0 = Release|Any CPU
		{ED61B7B3-4E36-4DA8-A66F-C9A0EBB9E9B2}.Debug|Any CPU.ActiveCfg = Debug|Any CPU
		{ED61B7B3-4E36-4DA8-A66F-C9A0EBB9E9B2}.Debug|Any CPU.Build.0 = Debug|Any CPU
		{ED61B7B3-4E36-4DA8-A66F-C9A0EBB9E9B2}.Release|Any CPU.ActiveCfg = Release|Any CPU
		{ED61B7B3-4E36-4DA8-A66F-C9A0EBB9E9B2}.Release|Any CPU.Build.0 = Release|Any CPU
	EndGlobalSection
	GlobalSection(SolutionProperties) = preSolution
		HideSolutionNode = FALSE
	EndGlobalSection
	GlobalSection(ExtensibilityGlobals) = postSolution
		SolutionGuid = {ED96122B-F598-48F6-AB4A-062219FE6989}
	EndGlobalSection
EndGlobal
